{
  "pins" : [
    {
      "identity" : "cachedimage",
      "kind" : "remoteSourceControl",
      "location" : "https://github.com/leoz/CachedImage.git",
      "state" : {
        "revision" : "e41ded5c5f9a0ff442b228e83bf082b6ff5a8ba1",
        "version" : "0.0.8"
      }
    }
  ],
  "version" : 2
}
